
Microsoft Visual Studio Solution File, Format Version 12.00
# Visual Studio 14
VisualStudioVersion = 14.0.25420.1
MinimumVisualStudioVersion = 10.0.40219.1
Project("{FAE04EC0-301F-11D3-BF4B-00C04F79EFBC}") = "lee-hankins-backend-capstone", "lee-hankins-backend-capstone\lee-hankins-backend-capstone.csproj", "{36E39E19-FCA8-4607-971E-D201CCEE4CAA}"
EndProject
Project("{FAE04EC0-301F-11D3-BF4B-00C04F79EFBC}") = "lee-hankins-backend-capstone.Tests", "lee-hankins-backend-capstone.Tests\lee-hankins-backend-capstone.Tests.csproj", "{6B258E01-8CC4-4596-B762-9DDF6DBDF8EA}"
EndProject
Global
	GlobalSection(SolutionConfigurationPlatforms) = preSolution
		Debug|Any CPU = Debug|Any CPU
		Release|Any CPU = Release|Any CPU
	EndGlobalSection
	GlobalSection(ProjectConfigurationPlatforms) = postSolution
		{36E39E19-FCA8-4607-971E-D201CCEE4CAA}.Debug|Any CPU.ActiveCfg = Debug|Any CPU
		{36E39E19-FCA8-4607-971E-D201CCEE4CAA}.Debug|Any CPU.Build.0 = Debug|Any CPU
		{36E39E19-FCA8-4607-971E-D201CCEE4CAA}.Release|Any CPU.ActiveCfg = Release|Any CPU
		{36E39E19-FCA8-4607-971E-D201CCEE4CAA}.Release|Any CPU.Build.0 = Release|Any CPU
		{6B258E01-8CC4-4596-B762-9DDF6DBDF8EA}.Debug|Any CPU.ActiveCfg = Debug|Any CPU
		{6B258E01-8CC4-4596-B762-9DDF6DBDF8EA}.Debug|Any CPU.Build.0 = Debug|Any CPU
		{6B258E01-8CC4-4596-B762-9DDF6DBDF8EA}.Release|Any CPU.ActiveCfg = Release|Any CPU
		{6B258E01-8CC4-4596-B762-9DDF6DBDF8EA}.Release|Any CPU.Build.0 = Release|Any CPU
	EndGlobalSection
	GlobalSection(SolutionProperties) = preSolution
		HideSolutionNode = FALSE
	EndGlobalSection
EndGlobal
